
Microsoft Visual Studio Solution File, Format Version 12.00
# Visual Studio Version 16
VisualStudioVersion = 16.0.29806.167
MinimumVisualStudioVersion = 10.0.40219.1
Project("{9A19103F-16F7-4668-BE54-9A1E7A4F7556}") = "Ex1", "Ex1\Ex1.csproj", "{3D101ACB-539A-4B7D-AF51-D2AE2705323D}"
EndProject
Project("{9A19103F-16F7-4668-BE54-9A1E7A4F7556}") = "Ex2", "Ex2\Ex2.csproj", "{59C21EA1-FBD5-4C17-B780-967D10D8579F}"
EndProject
Project("{9A19103F-16F7-4668-BE54-9A1E7A4F7556}") = "Ex3", "Ex3\Ex3.csproj", "{50286C73-62B0-48C4-AE02-E4FCEBA44E1B}"
EndProject
Project("{9A19103F-16F7-4668-BE54-9A1E7A4F7556}") = "Ex4", "Ex4\Ex4.csproj", "{F8123257-B386-49C4-93AC-3EF8A4078DE7}"
EndProject
Project("{9A19103F-16F7-4668-BE54-9A1E7A4F7556}") = "Ex5", "Ex5\Ex5.csproj", "{E7F5131C-7A42-42D4-B0C3-0053C9E2EB12}"
EndProject
Project("{9A19103F-16F7-4668-BE54-9A1E7A4F7556}") = "Ex6", "Ex6\Ex6.csproj", "{8753991D-EBAE-487B-A99C-ACF615F9DF37}"
EndProject
Project("{9A19103F-16F7-4668-BE54-9A1E7A4F7556}") = "Ex7", "Ex7\Ex7.csproj", "{970F1017-16D8-45E8-9C8F-356CBD2D9785}"
EndProject
Project("{9A19103F-16F7-4668-BE54-9A1E7A4F7556}") = "Ex8", "Ex8\Ex8.csproj", "{D4F5358C-6CF9-4673-A2CC-4788B3966A67}"
EndProject
Project("{9A19103F-16F7-4668-BE54-9A1E7A4F7556}") = "Ex9", "Ex9\Ex9.csproj", "{87A8E408-394E-41D9-AB4A-B29D276A444A}"
EndProject
Project("{FAE04EC0-301F-11D3-BF4B-00C04F79EFBC}") = "Ex10", "Ex10\Ex10.csproj", "{88394D65-F652-4518-A50D-4D4F28F3EEA4}"
EndProject
Project("{FAE04EC0-301F-11D3-BF4B-00C04F79EFBC}") = "Ex11", "Ex11\Ex11.csproj", "{F60BDC20-2E15-420F-893C-C84B2C4DAB9A}"
EndProject
Project("{FAE04EC0-301F-11D3-BF4B-00C04F79EFBC}") = "Ex12", "Ex12\Ex12.csproj", "{68B3E8CA-94B6-4DA3-BD37-4B8AE7B80F48}"
EndProject
Project("{FAE04EC0-301F-11D3-BF4B-00C04F79EFBC}") = "Ex13", "Ex13\Ex13.csproj", "{E1DBDFBB-1738-45C3-B79B-6DE73A6A4626}"
EndProject
Project("{FAE04EC0-301F-11D3-BF4B-00C04F79EFBC}") = "Ex14", "Ex14\Ex14.csproj", "{CF26A941-A401-449F-A388-F051FB1A739E}"
EndProject
Global
	GlobalSection(SolutionConfigurationPlatforms) = preSolution
		Debug|Any CPU = Debug|Any CPU
		Release|Any CPU = Release|Any CPU
	EndGlobalSection
	GlobalSection(ProjectConfigurationPlatforms) = postSolution
		{3D101ACB-539A-4B7D-AF51-D2AE2705323D}.Debug|Any CPU.ActiveCfg = Debug|Any CPU
		{3D101ACB-539A-4B7D-AF51-D2AE2705323D}.Debug|Any CPU.Build.0 = Debug|Any CPU
		{3D101ACB-539A-4B7D-AF51-D2AE2705323D}.Release|Any CPU.ActiveCfg = Release|Any CPU
		{3D101ACB-539A-4B7D-AF51-D2AE2705323D}.Release|Any CPU.Build.0 = Release|Any CPU
		{59C21EA1-FBD5-4C17-B780-967D10D8579F}.Debug|Any CPU.ActiveCfg = Debug|Any CPU
		{59C21EA1-FBD5-4C17-B780-967D10D8579F}.Debug|Any CPU.Build.0 = Debug|Any CPU
		{59C21EA1-FBD5-4C17-B780-967D10D8579F}.Release|Any CPU.ActiveCfg = Release|Any CPU
		{59C21EA1-FBD5-4C17-B780-967D10D8579F}.Release|Any CPU.Build.0 = Release|Any CPU
		{50286C73-62B0-48C4-AE02-E4FCEBA44E1B}.Debug|Any CPU.ActiveCfg = Debug|Any CPU
		{50286C73-62B0-48C4-AE02-E4FCEBA44E1B}.Debug|Any CPU.Build.0 = Debug|Any CPU
		{50286C73-62B0-48C4-AE02-E4FCEBA44E1B}.Release|Any CPU.ActiveCfg = Release|Any CPU
		{50286C73-62B0-48C4-AE02-E4FCEBA44E1B}.Release|Any CPU.Build.0 = Release|Any CPU
		{F8123257-B386-49C4-93AC-3EF8A4078DE7}.Debug|Any CPU.ActiveCfg = Debug|Any CPU
		{F8123257-B386-49C4-93AC-3EF8A4078DE7}.Debug|Any CPU.Build.0 = Debug|Any CPU
		{F8123257-B386-49C4-93AC-3EF8A4078DE7}.Release|Any CPU.ActiveCfg = Release|Any CPU
		{F8123257-B386-49C4-93AC-3EF8A4078DE7}.Release|Any CPU.Build.0 = Release|Any CPU
		{E7F5131C-7A42-42D4-B0C3-0053C9E2EB12}.Debug|Any CPU.ActiveCfg = Debug|Any CPU
		{E7F5131C-7A42-42D4-B0C3-0053C9E2EB12}.Debug|Any CPU.Build.0 = Debug|Any CPU
		{E7F5131C-7A42-42D4-B0C3-0053C9E2EB12}.Release|Any CPU.ActiveCfg = Release|Any CPU
		{E7F5131C-7A42-42D4-B0C3-0053C9E2EB12}.Release|Any CPU.Build.0 = Release|Any CPU
		{8753991D-EBAE-487B-A99C-ACF615F9DF37}.Debug|Any CPU.ActiveCfg = Debug|Any CPU
		{8753991D-EBAE-487B-A99C-ACF615F9DF37}.Debug|Any CPU.Build.0 = Debug|Any CPU
		{8753991D-EBAE-487B-A99C-ACF615F9DF37}.Release|Any CPU.ActiveCfg = Release|Any CPU
		{8753991D-EBAE-487B-A99C-ACF615F9DF37}.Release|Any CPU.Build.0 = Release|Any CPU
		{970F1017-16D8-45E8-9C8F-356CBD2D9785}.Debug|Any CPU.ActiveCfg = Debug|Any CPU
		{970F1017-16D8-45E8-9C8F-356CBD2D9785}.Debug|Any CPU.Build.0 = Debug|Any CPU
		{970F1017-16D8-45E8-9C8F-356CBD2D9785}.Release|Any CPU.ActiveCfg = Release|Any CPU
		{970F1017-16D8-45E8-9C8F-356CBD2D9785}.Release|Any CPU.Build.0 = Release|Any CPU
		{D4F5358C-6CF9-4673-A2CC-4788B3966A67}.Debug|Any CPU.ActiveCfg = Debug|Any CPU
		{D4F5358C-6CF9-4673-A2CC-4788B3966A67}.Debug|Any CPU.Build.0 = Debug|Any CPU
		{D4F5358C-6CF9-4673-A2CC-4788B3966A67}.Release|Any CPU.ActiveCfg = Release|Any CPU
		{D4F5358C-6CF9-4673-A2CC-4788B3966A67}.Release|Any CPU.Build.0 = Release|Any CPU
		{87A8E408-394E-41D9-AB4A-B29D276A444A}.Debug|Any CPU.ActiveCfg = Debug|Any CPU
		{87A8E408-394E-41D9-AB4A-B29D276A444A}.Debug|Any CPU.Build.0 = Debug|Any CPU
		{87A8E408-394E-41D9-AB4A-B29D276A444A}.Release|Any CPU.ActiveCfg = Release|Any CPU
		{87A8E408-394E-41D9-AB4A-B29D276A444A}.Release|Any CPU.Build.0 = Release|Any CPU
		{88394D65-F652-4518-A50D-4D4F28F3EEA4}.Debug|Any CPU.ActiveCfg = Debug|Any CPU
		{88394D65-F652-4518-A50D-4D4F28F3EEA4}.Debug|Any CPU.Build.0 = Debug|Any CPU
		{88394D65-F652-4518-A50D-4D4F28F3EEA4}.Release|Any CPU.ActiveCfg = Release|Any CPU
		{88394D65-F652-4518-A50D-4D4F28F3EEA4}.Release|Any CPU.Build.0 = Release|Any CPU
		{F60BDC20-2E15-420F-893C-C84B2C4DAB9A}.Debug|Any CPU.ActiveCfg = Debug|Any CPU
		{F60BDC20-2E15-420F-893C-C84B2C4DAB9A}.Debug|Any CPU.Build.0 = Debug|Any CPU
		{F60BDC20-2E15-420F-893C-C84B2C4DAB9A}.Release|Any CPU.ActiveCfg = Release|Any CPU
		{F60BDC20-2E15-420F-893C-C84B2C4DAB9A}.Release|Any CPU.Build.0 = Release|Any CPU
		{68B3E8CA-94B6-4DA3-BD37-4B8AE7B80F48}.Debug|Any CPU.ActiveCfg = Debug|Any CPU
		{68B3E8CA-94B6-4DA3-BD37-4B8AE7B80F48}.Debug|Any CPU.Build.0 = Debug|Any CPU
		{68B3E8CA-94B6-4DA3-BD37-4B8AE7B80F48}.Release|Any CPU.ActiveCfg = Release|Any CPU
		{68B3E8CA-94B6-4DA3-BD37-4B8AE7B80F48}.Release|Any CPU.Build.0 = Release|Any CPU
		{E1DBDFBB-1738-45C3-B79B-6DE73A6A4626}.Debug|Any CPU.ActiveCfg = Debug|Any CPU
		{E1DBDFBB-1738-45C3-B79B-6DE73A6A4626}.Debug|Any CPU.Build.0 = Debug|Any CPU
		{E1DBDFBB-1738-45C3-B79B-6DE73A6A4626}.Release|Any CPU.ActiveCfg = Release|Any CPU
		{E1DBDFBB-1738-45C3-B79B-6DE73A6A4626}.Release|Any CPU.Build.0 = Release|Any CPU
		{CF26A941-A401-449F-A388-F051FB1A739E}.Debug|Any CPU.ActiveCfg = Debug|Any CPU
		{CF26A941-A401-449F-A388-F051FB1A739E}.Debug|Any CPU.Build.0 = Debug|Any CPU
		{CF26A941-A401-449F-A388-F051FB1A739E}.Release|Any CPU.ActiveCfg = Release|Any CPU
		{CF26A941-A401-449F-A388-F051FB1A739E}.Release|Any CPU.Build.0 = Release|Any CPU
	EndGlobalSection
	GlobalSection(SolutionProperties) = preSolution
		HideSolutionNode = FALSE
	EndGlobalSection
	GlobalSection(ExtensibilityGlobals) = postSolution
		SolutionGuid = {67CC7D24-BBCE-45CC-8508-92802D8E356E}
	EndGlobalSection
EndGlobal
